
Microsoft Visual Studio Solution File, Format Version 12.00
# Visual Studio 15
VisualStudioVersion = 15.0.28307.106
MinimumVisualStudioVersion = 10.0.40219.1
Project("{8BC9CEB8-8B4A-11D0-8D11-00A0C91BC942}") = "Final Project", "Final Project.vcxproj", "{7CB0F583-26A7-4CA7-870F-893872CF0CBD}"
EndProject
Global
	GlobalSection(SolutionConfigurationPlatforms) = preSolution
		Debug|x64 = Debug|x64
		Debug|x86 = Debug|x86
		Release|x64 = Release|x64
		Release|x86 = Release|x86
	EndGlobalSection
	GlobalSection(ProjectConfigurationPlatforms) = postSolution
		{7CB0F583-26A7-4CA7-870F-893872CF0CBD}.Debug|x64.ActiveCfg = Debug|x64
		{7CB0F583-26A7-4CA7-870F-893872CF0CBD}.Debug|x64.Build.0 = Debug|x64
		{7CB0F583-26A7-4CA7-870F-893872CF0CBD}.Debug|x86.ActiveCfg = Debug|Win32
		{7CB0F583-26A7-4CA7-870F-893872CF0CBD}.Debug|x86.Build.0 = Debug|Win32
		{7CB0F583-26A7-4CA7-870F-893872CF0CBD}.Release|x64.ActiveCfg = Release|x64
		{7CB0F583-26A7-4CA7-870F-893872CF0CBD}.Release|x64.Build.0 = Release|x64
		{7CB0F583-26A7-4CA7-870F-893872CF0CBD}.Release|x86.ActiveCfg = Release|Win32
		{7CB0F583-26A7-4CA7-870F-893872CF0CBD}.Release|x86.Build.0 = Release|Win32
	EndGlobalSection
	GlobalSection(SolutionProperties) = preSolution
		HideSolutionNode = FALSE
	EndGlobalSection
	GlobalSection(ExtensibilityGlobals) = postSolution
		SolutionGuid = {59A54331-1F34-443A-B712-4E3BA9402487}
	EndGlobalSection
EndGlobal
